// !$*UTF8*$!
{
	archiveVersion = 1;
	classes = {
	};
	objectVersion = 56;
	objects = {

/* Begin PBXBuildFile section */
		1E022AAE296FF8180083ECF5 /* ofraApp.swift in Sources */ = {isa = PBXBuildFile; fileRef = 1E022AAD296FF8180083ECF5 /* ofraApp.swift */; };
		1E022AB2296FF8180083ECF5 /* Assets.xcassets in Resources */ = {isa = PBXBuildFile; fileRef = 1E022AB1296FF8180083ECF5 /* Assets.xcassets */; };
		1E022AB5296FF8180083ECF5 /* Preview Assets.xcassets in Resources */ = {isa = PBXBuildFile; fileRef = 1E022AB4296FF8180083ECF5 /* Preview Assets.xcassets */; };
		1E022ABE296FFCBB0083ECF5 /* POPUO.swift in Sources */ = {isa = PBXBuildFile; fileRef = 1E022ABD296FFCBB0083ECF5 /* POPUO.swift */; };
		1E022AC0296FFD350083ECF5 /* photopiker.swift in Sources */ = {isa = PBXBuildFile; fileRef = 1E022ABF296FFD350083ECF5 /* photopiker.swift */; };
		1E022AC2296FFD380083ECF5 /* PlaceholderBg.swift in Sources */ = {isa = PBXBuildFile; fileRef = 1E022AC1296FFD380083ECF5 /* PlaceholderBg.swift */; };
		1E022AC4296FFD3C0083ECF5 /* UploadAnImage.swift in Sources */ = {isa = PBXBuildFile; fileRef = 1E022AC3296FFD3B0083ECF5 /* UploadAnImage.swift */; };
		1E022AC6296FFD490083ECF5 /* POPUP2.swift in Sources */ = {isa = PBXBuildFile; fileRef = 1E022AC5296FFD490083ECF5 /* POPUP2.swift */; };
		1E022AC8296FFD4D0083ECF5 /* rate2.swift in Sources */ = {isa = PBXBuildFile; fileRef = 1E022AC7296FFD4D0083ECF5 /* rate2.swift */; };
/* End PBXBuildFile section */

/* Begin PBXFileReference section */
		1E022AAA296FF8180083ECF5 /* ofra.app */ = {isa = PBXFileReference; explicitFileType = wrapper.application; includeInIndex = 0; path = ofra.app; sourceTree = BUILT_PRODUCTS_DIR; };
		1E022AAD296FF8180083ECF5 /* ofraApp.swift */ = {isa = PBXFileReference; lastKnownFileType = sourcecode.swift; path = ofraApp.swift; sourceTree = "<group>"; };
		1E022AB1296FF8180083ECF5 /* Assets.xcassets */ = {isa = PBXFileReference; lastKnownFileType = folder.assetcatalog; path = Assets.xcassets; sourceTree = "<group>"; };
		1E022AB4296FF8180083ECF5 /* Preview Assets.xcassets */ = {isa = PBXFileReference; lastKnownFileType = folder.assetcatalog; path = "Preview Assets.xcassets"; sourceTree = "<group>"; };
		1E022ABD296FFCBB0083ECF5 /* POPUO.swift */ = {isa = PBXFileReference; lastKnownFileType = sourcecode.swift; path = POPUO.swift; sourceTree = "<group>"; };
		1E022ABF296FFD350083ECF5 /* photopiker.swift */ = {isa = PBXFileReference; lastKnownFileType = sourcecode.swift; path = photopiker.swift; sourceTree = "<group>"; };
		1E022AC1296FFD380083ECF5 /* PlaceholderBg.swift */ = {isa = PBXFileReference; lastKnownFileType = sourcecode.swift; path = PlaceholderBg.swift; sourceTree = "<group>"; };
		1E022AC3296FFD3B0083ECF5 /* UploadAnImage.swift */ = {isa = PBXFileReference; lastKnownFileType = sourcecode.swift; path = UploadAnImage.swift; sourceTree = "<group>"; };
		1E022AC5296FFD490083ECF5 /* POPUP2.swift */ = {isa = PBXFileReference; lastKnownFileType = sourcecode.swift; path = POPUP2.swift; sourceTree = "<group>"; };
		1E022AC7296FFD4D0083ECF5 /* rate2.swift */ = {isa = PBXFileReference; lastKnownFileType = sourcecode.swift; path = rate2.swift; sourceTree = "<group>"; };
/* End PBXFileReference section */

/* Begin PBXFrameworksBuildPhase section */
		1E022AA7296FF8180083ECF5 /* Frameworks */ = {
			isa = PBXFrameworksBuildPhase;
			buildActionMask = 2147483647;
			files = (
			);
			runOnlyForDeploymentPostprocessing = 0;
		};
/* End PBXFrameworksBuildPhase section */

/* Begin PBXGroup section */
		1E022AA1296FF8170083ECF5 = {
			isa = PBXGroup;
			children = (
				1E022AAC296FF8180083ECF5 /* ofra */,
				1E022AAB296FF8180083ECF5 /* Products */,
			);
			sourceTree = "<group>";
		};
		1E022AAB296FF8180083ECF5 /* Products */ = {
			isa = PBXGroup;
			children = (
				1E022AAA296FF8180083ECF5 /* ofra.app */,
			);
			name = Products;
			sourceTree = "<group>";
		};
		1E022AAC296FF8180083ECF5 /* ofra */ = {
			isa = PBXGroup;
			children = (
				1E022AAD296FF8180083ECF5 /* ofraApp.swift */,
				1E022ACB296FFE1C0083ECF5 /* savesheet */,
				1E022AC9296FFDC90083ECF5 /* goalsheet */,
				1E022AB1296FF8180083ECF5 /* Assets.xcassets */,
				1E022AB3296FF8180083ECF5 /* Preview Content */,
			);
			path = ofra;
			sourceTree = "<group>";
		};
		1E022AB3296FF8180083ECF5 /* Preview Content */ = {
			isa = PBXGroup;
			children = (
				1E022AB4296FF8180083ECF5 /* Preview Assets.xcassets */,
			);
			path = "Preview Content";
			sourceTree = "<group>";
		};
		1E022AC9296FFDC90083ECF5 /* goalsheet */ = {
			isa = PBXGroup;
			children = (
				1E022ACA296FFDE40083ECF5 /* photo */,
				1E022ABD296FFCBB0083ECF5 /* POPUO.swift */,
			);
			path = goalsheet;
			sourceTree = "<group>";
		};
		1E022ACA296FFDE40083ECF5 /* photo */ = {
			isa = PBXGroup;
			children = (
				1E022ABF296FFD350083ECF5 /* photopiker.swift */,
				1E022AC1296FFD380083ECF5 /* PlaceholderBg.swift */,
				1E022AC3296FFD3B0083ECF5 /* UploadAnImage.swift */,
			);
			path = photo;
			sourceTree = "<group>";
		};
		1E022ACB296FFE1C0083ECF5 /* savesheet */ = {
			isa = PBXGroup;
			children = (
				1E022AC5296FFD490083ECF5 /* POPUP2.swift */,
				1E022AC7296FFD4D0083ECF5 /* rate2.swift */,
			);
			path = savesheet;
			sourceTree = "<group>";
		};
/* End PBXGroup section */

/* Begin PBXNativeTarget section */
		1E022AA9296FF8180083ECF5 /* ofra */ = {
			isa = PBXNativeTarget;
			buildConfigurationList = 1E022AB8296FF8180083ECF5 /* Build configuration list for PBXNativeTarget "ofra" */;
			buildPhases = (
				1E022AA6296FF8180083ECF5 /* Sources */,
				1E022AA7296FF8180083ECF5 /* Frameworks */,
				1E022AA8296FF8180083ECF5 /* Resources */,
			);
			buildRules = (
			);
			dependencies = (
			);
			name = ofra;
			productName = ofra;
			productReference = 1E022AAA296FF8180083ECF5 /* ofra.app */;
			productType = "com.apple.product-type.application";
		};
/* End PBXNativeTarget section */

/* Begin PBXProject section */
		1E022AA2296FF8170083ECF5 /* Project object */ = {
			isa = PBXProject;
			attributes = {
				BuildIndependentTargetsInParallel = 1;
				LastSwiftUpdateCheck = 1420;
				LastUpgradeCheck = 1420;
				TargetAttributes = {
					1E022AA9296FF8180083ECF5 = {
						CreatedOnToolsVersion = 14.2;
					};
				};
			};
			buildConfigurationList = 1E022AA5296FF8170083ECF5 /* Build configuration list for PBXProject "ofra" */;
			compatibilityVersion = "Xcode 14.0";
			developmentRegion = en;
			hasScannedForEncodings = 0;
			knownRegions = (
				en,
				Base,
			);
			mainGroup = 1E022AA1296FF8170083ECF5;
			productRefGroup = 1E022AAB296FF8180083ECF5 /* Products */;
			projectDirPath = "";
			projectRoot = "";
			targets = (
				1E022AA9296FF8180083ECF5 /* ofra */,
			);
		};
/* End PBXProject section */

/* Begin PBXResourcesBuildPhase section */
		1E022AA8296FF8180083ECF5 /* Resources */ = {
			isa = PBXResourcesBuildPhase;
			buildActionMask = 2147483647;
			files = (
				1E022AB5296FF8180083ECF5 /* Preview Assets.xcassets in Resources */,
				1E022AB2296FF8180083ECF5 /* Assets.xcassets in Resources */,
			);
			runOnlyForDeploymentPostprocessing = 0;
		};
/* End PBXResourcesBuildPhase section */

/* Begin PBXSourcesBuildPhase section */
		1E022AA6296FF8180083ECF5 /* Sources */ = {
			isa = PBXSourcesBuildPhase;
			buildActionMask = 2147483647;
			files = (
				1E022AAE296FF8180083ECF5 /* ofraApp.swift in Sources */,
				1E022AC4296FFD3C0083ECF5 /* UploadAnImage.swift in Sources */,
				1E022AC0296FFD350083ECF5 /* photopiker.swift in Sources */,
				1E022AC8296FFD4D0083ECF5 /* rate2.swift in Sources */,
				1E022AC6296FFD490083ECF5 /* POPUP2.swift in Sources */,
				1E022AC2296FFD380083ECF5 /* PlaceholderBg.swift in Sources */,
				1E022ABE296FFCBB0083ECF5 /* POPUO.swift in Sources */,
			);
			runOnlyForDeploymentPostprocessing = 0;
		};
/* End PBXSourcesBuildPhase section */

/* Begin XCBuildConfiguration section */
		1E022AB6296FF8180083ECF5 /* Debug */ = {
			isa = XCBuildConfiguration;
			buildSettings = {
				ALWAYS_SEARCH_USER_PATHS = NO;
				CLANG_ANALYZER_NONNULL = YES;
				CLANG_ANALYZER_NUMBER_OBJECT_CONVERSION = YES_AGGRESSIVE;
				CLANG_CXX_LANGUAGE_STANDARD = "gnu++20";
				CLANG_ENABLE_MODULES = YES;
				CLANG_ENABLE_OBJC_ARC = YES;
				CLANG_ENABLE_OBJC_WEAK = YES;
				CLANG_WARN_BLOCK_CAPTURE_AUTORELEASING = YES;
				CLANG_WARN_BOOL_CONVERSION = YES;
				CLANG_WARN_COMMA = YES;
				CLANG_WARN_CONSTANT_CONVERSION = YES;
				CLANG_WARN_DEPRECATED_OBJC_IMPLEMENTATIONS = YES;
				CLANG_WARN_DIRECT_OBJC_ISA_USAGE = YES_ERROR;
				CLANG_WARN_DOCUMENTATION_COMMENTS = YES;
				CLANG_WARN_EMPTY_BODY = YES;
				CLANG_WARN_ENUM_CONVERSION = YES;
				CLANG_WARN_INFINITE_RECURSION = YES;
				CLANG_WARN_INT_CONVERSION = YES;
				CLANG_WARN_NON_LITERAL_NULL_CONVERSION = YES;
				CLANG_WARN_OBJC_IMPLICIT_RETAIN_SELF = YES;
				CLANG_WARN_OBJC_LITERAL_CONVERSION = YES;
				CLANG_WARN_OBJC_ROOT_CLASS = YES_ERROR;
				CLANG_WARN_QUOTED_INCLUDE_IN_FRAMEWORK_HEADER = YES;
				CLANG_WARN_RANGE_LOOP_ANALYSIS = YES;
				CLANG_WARN_STRICT_PROTOTYPES = YES;
				CLANG_WARN_SUSPICIOUS_MOVE = YES;
				CLANG_WARN_UNGUARDED_AVAILABILITY = YES_AGGRESSIVE;
				CLANG_WARN_UNREACHABLE_CODE = YES;
				CLANG_WARN__DUPLICATE_METHOD_MATCH = YES;
				COPY_PHASE_STRIP = NO;
				DEBUG_INFORMATION_FORMAT = dwarf;
				ENABLE_STRICT_OBJC_MSGSEND = YES;
				ENABLE_TESTABILITY = YES;
				GCC_C_LANGUAGE_STANDARD = gnu11;
				GCC_DYNAMIC_NO_PIC = NO;
				GCC_NO_COMMON_BLOCKS = YES;
				GCC_OPTIMIZATION_LEVEL = 0;
				GCC_PREPROCESSOR_DEFINITIONS = (
					"DEBUG=1",
					"$(inherited)",
				);
				GCC_WARN_64_TO_32_BIT_CONVERSION = YES;
				GCC_WARN_ABOUT_RETURN_TYPE = YES_ERROR;
				GCC_WARN_UNDECLARED_SELECTOR = YES;
				GCC_WARN_UNINITIALIZED_AUTOS = YES_AGGRESSIVE;
				GCC_WARN_UNUSED_FUNCTION = YES;
				GCC_WARN_UNUSED_VARIABLE = YES;
				IPHONEOS_DEPLOYMENT_TARGET = 16.2;
				MTL_ENABLE_DEBUG_INFO = INCLUDE_SOURCE;
				MTL_FAST_MATH = YES;
				ONLY_ACTIVE_ARCH = YES;
				SDKROOT = iphoneos;
				SWIFT_ACTIVE_COMPILATION_CONDITIONS = DEBUG;
				SWIFT_OPTIMIZATION_LEVEL = "-Onone";
			};
			name = Debug;
		};
		1E022AB7296FF8180083ECF5 /* Release */ = {
			isa = XCBuildConfiguration;
			buildSettings = {
				ALWAYS_SEARCH_USER_PATHS = NO;
				CLANG_ANALYZER_NONNULL = YES;
				CLANG_ANALYZER_NUMBER_OBJECT_CONVERSION = YES_AGGRESSIVE;
				CLANG_CXX_LANGUAGE_STANDARD = "gnu++20";
				CLANG_ENABLE_MODULES = YES;
				CLANG_ENABLE_OBJC_ARC = YES;
				CLANG_ENABLE_OBJC_WEAK = YES;
				CLANG_WARN_BLOCK_CAPTURE_AUTORELEASING = YES;
				CLANG_WARN_BOOL_CONVERSION = YES;
				CLANG_WARN_COMMA = YES;
				CLANG_WARN_CONSTANT_CONVERSION = YES;
				CLANG_WARN_DEPRECATED_OBJC_IMPLEMENTATIONS = YES;
				CLANG_WARN_DIRECT_OBJC_ISA_USAGE = YES_ERROR;
				CLANG_WARN_DOCUMENTATION_COMMENTS = YES;
				CLANG_WARN_EMPTY_BODY = YES;
				CLANG_WARN_ENUM_CONVERSION = YES;
				CLANG_WARN_INFINITE_RECURSION = YES;
				CLANG_WARN_INT_CONVERSION = YES;
				CLANG_WARN_NON_LITERAL_NULL_CONVERSION = YES;
				CLANG_WARN_OBJC_IMPLICIT_RETAIN_SELF = YES;
				CLANG_WARN_OBJC_LITERAL_CONVERSION = YES;
				CLANG_WARN_OBJC_ROOT_CLASS = YES_ERROR;
				CLANG_WARN_QUOTED_INCLUDE_IN_FRAMEWORK_HEADER = YES;
				CLANG_WARN_RANGE_LOOP_ANALYSIS = YES;
				CLANG_WARN_STRICT_PROTOTYPES = YES;
				CLANG_WARN_SUSPICIOUS_MOVE = YES;
				CLANG_WARN_UNGUARDED_AVAILABILITY = YES_AGGRESSIVE;
				CLANG_WARN_UNREACHABLE_CODE = YES;
				CLANG_WARN__DUPLICATE_METHOD_MATCH = YES;
				COPY_PHASE_STRIP = NO;
				DEBUG_INFORMATION_FORMAT = "dwarf-with-dsym";
				ENABLE_NS_ASSERTIONS = NO;
				ENABLE_STRICT_OBJC_MSGSEND = YES;
				GCC_C_LANGUAGE_STANDARD = gnu11;
				GCC_NO_COMMON_BLOCKS = YES;
				GCC_WARN_64_TO_32_BIT_CONVERSION = YES;
				GCC_WARN_ABOUT_RETURN_TYPE = YES_ERROR;
				GCC_WARN_UNDECLARED_SELECTOR = YES;
				GCC_WARN_UNINITIALIZED_AUTOS = YES_AGGRESSIVE;
				GCC_WARN_UNUSED_FUNCTION = YES;
				GCC_WARN_UNUSED_VARIABLE = YES;
				IPHONEOS_DEPLOYMENT_TARGET = 16.2;
				MTL_ENABLE_DEBUG_INFO = NO;
				MTL_FAST_MATH = YES;
				SDKROOT = iphoneos;
				SWIFT_COMPILATION_MODE = wholemodule;
				SWIFT_OPTIMIZATION_LEVEL = "-O";
				VALIDATE_PRODUCT = YES;
			};
			name = Release;
		};
		1E022AB9296FF8180083ECF5 /* Debug */ = {
			isa = XCBuildConfiguration;
			buildSettings = {
				ASSETCATALOG_COMPILER_APPICON_NAME = AppIcon;
				ASSETCATALOG_COMPILER_GLOBAL_ACCENT_COLOR_NAME = AccentColor;
				CODE_SIGN_STYLE = Automatic;
				CURRENT_PROJECT_VERSION = 1;
				DEVELOPMENT_ASSET_PATHS = "\"ofra/Preview Content\"";
				DEVELOPMENT_TEAM = BVH2J8BM5B;
				ENABLE_PREVIEWS = YES;
				GENERATE_INFOPLIST_FILE = YES;
				INFOPLIST_KEY_UIApplicationSceneManifest_Generation = YES;
				INFOPLIST_KEY_UIApplicationSupportsIndirectInputEvents = YES;
				INFOPLIST_KEY_UILaunchScreen_Generation = YES;
				INFOPLIST_KEY_UISupportedInterfaceOrientations_iPad = "UIInterfaceOrientationPortrait UIInterfaceOrientationPortraitUpsideDown UIInterfaceOrientationLandscapeLeft UIInterfaceOrientationLandscapeRight";
				INFOPLIST_KEY_UISupportedInterfaceOrientations_iPhone = "UIInterfaceOrientationPortrait UIInterfaceOrientationLandscapeLeft UIInterfaceOrientationLandscapeRight";
				LD_RUNPATH_SEARCH_PATHS = (
					"$(inherited)",
					"@executable_path/Frameworks",
				);
				MARKETING_VERSION = 1.0;
				PRODUCT_BUNDLE_IDENTIFIER = hik.edu.cdnis.ofra;
				PRODUCT_NAME = "$(TARGET_NAME)";
				SWIFT_EMIT_LOC_STRINGS = YES;
				SWIFT_VERSION = 5.0;
				TARGETED_DEVICE_FAMILY = "1,2";
			};
			name = Debug;
		};
		1E022ABA296FF8180083ECF5 /* Release */ = {
			isa = XCBuildConfiguration;
			buildSettings = {
				ASSETCATALOG_COMPILER_APPICON_NAME = AppIcon;
				ASSETCATALOG_COMPILER_GLOBAL_ACCENT_COLOR_NAME = AccentColor;
				CODE_SIGN_STYLE = Automatic;
				CURRENT_PROJECT_VERSION = 1;
				DEVELOPMENT_ASSET_PATHS = "\"ofra/Preview Content\"";
				DEVELOPMENT_TEAM = BVH2J8BM5B;
				ENABLE_PREVIEWS = YES;
				GENERATE_INFOPLIST_FILE = YES;
				INFOPLIST_KEY_UIApplicationSceneManifest_Generation = YES;
				INFOPLIST_KEY_UIApplicationSupportsIndirectInputEvents = YES;
				INFOPLIST_KEY_UILaunchScreen_Generation = YES;
				INFOPLIST_KEY_UISupportedInterfaceOrientations_iPad = "UIInterfaceOrientationPortrait UIInterfaceOrientationPortraitUpsideDown UIInterfaceOrientationLandscapeLeft UIInterfaceOrientationLandscapeRight";
				INFOPLIST_KEY_UISupportedInterfaceOrientations_iPhone = "UIInterfaceOrientationPortrait UIInterfaceOrientationLandscapeLeft UIInterfaceOrientationLandscapeRight";
				LD_RUNPATH_SEARCH_PATHS = (
					"$(inherited)",
					"@executable_path/Frameworks",
				);
				MARKETING_VERSION = 1.0;
				PRODUCT_BUNDLE_IDENTIFIER = hik.edu.cdnis.ofra;
				PRODUCT_NAME = "$(TARGET_NAME)";
				SWIFT_EMIT_LOC_STRINGS = YES;
				SWIFT_VERSION = 5.0;
				TARGETED_DEVICE_FAMILY = "1,2";
			};
			name = Release;
		};
/* End XCBuildConfiguration section */

/* Begin XCConfigurationList section */
		1E022AA5296FF8170083ECF5 /* Build configuration list for PBXProject "ofra" */ = {
			isa = XCConfigurationList;
			buildConfigurations = (
				1E022AB6296FF8180083ECF5 /* Debug */,
				1E022AB7296FF8180083ECF5 /* Release */,
			);
			defaultConfigurationIsVisible = 0;
			defaultConfigurationName = Release;
		};
		1E022AB8296FF8180083ECF5 /* Build configuration list for PBXNativeTarget "ofra" */ = {
			isa = XCConfigurationList;
			buildConfigurations = (
				1E022AB9296FF8180083ECF5 /* Debug */,
				1E022ABA296FF8180083ECF5 /* Release */,
			);
			defaultConfigurationIsVisible = 0;
			defaultConfigurationName = Release;
		};
/* End XCConfigurationList section */
	};
	rootObject = 1E022AA2296FF8170083ECF5 /* Project object */;
}
